
Microsoft Visual Studio Solution File, Format Version 12.00
# Visual Studio Version 16
VisualStudioVersion = 16.0.30907.101
MinimumVisualStudioVersion = 10.0.40219.1
Project("{FAE04EC0-301F-11D3-BF4B-00C04F79EFBC}") = "DuplicateStringChecking", "DuplicateStringChecking\DuplicateStringChecking.csproj", "{7C561D50-F56A-4FEB-9240-34F9F60A5FDB}"
EndProject
Global
	GlobalSection(SolutionConfigurationPlatforms) = preSolution
		Debug|Any CPU = Debug|Any CPU
		Release|Any CPU = Release|Any CPU
	EndGlobalSection
	GlobalSection(ProjectConfigurationPlatforms) = postSolution
		{7C561D50-F56A-4FEB-9240-34F9F60A5FDB}.Debug|Any CPU.ActiveCfg = Debug|Any CPU
		{7C561D50-F56A-4FEB-9240-34F9F60A5FDB}.Debug|Any CPU.Build.0 = Debug|Any CPU
		{7C561D50-F56A-4FEB-9240-34F9F60A5FDB}.Release|Any CPU.ActiveCfg = Release|Any CPU
		{7C561D50-F56A-4FEB-9240-34F9F60A5FDB}.Release|Any CPU.Build.0 = Release|Any CPU
	EndGlobalSection
	GlobalSection(SolutionProperties) = preSolution
		HideSolutionNode = FALSE
	EndGlobalSection
	GlobalSection(ExtensibilityGlobals) = postSolution
		SolutionGuid = {FD25D093-142B-49C1-8FB4-4FE15E159AAE}
	EndGlobalSection
EndGlobal
